
Microsoft Visual Studio Solution File, Format Version 12.00
# Visual Studio Version 17
VisualStudioVersion = 17.3.32819.101
MinimumVisualStudioVersion = 10.0.40219.1
Project("{FAE04EC0-301F-11D3-BF4B-00C04F79EFBC}") = "NourNumberSystem", "NourNumberSystem\NourNumberSystem.csproj", "{5E831554-ADEF-4937-AA80-A20E95B3BD0F}"
EndProject
Project("{FAE04EC0-301F-11D3-BF4B-00C04F79EFBC}") = "TestProject", "TestProject\TestProject.csproj", "{757B1EAC-EE60-404E-A063-E4DB2CD91FBF}"
EndProject
Global
	GlobalSection(SolutionConfigurationPlatforms) = preSolution
		Debug|Any CPU = Debug|Any CPU
		Release|Any CPU = Release|Any CPU
	EndGlobalSection
	GlobalSection(ProjectConfigurationPlatforms) = postSolution
		{5E831554-ADEF-4937-AA80-A20E95B3BD0F}.Debug|Any CPU.ActiveCfg = Debug|Any CPU
		{5E831554-ADEF-4937-AA80-A20E95B3BD0F}.Debug|Any CPU.Build.0 = Debug|Any CPU
		{5E831554-ADEF-4937-AA80-A20E95B3BD0F}.Release|Any CPU.ActiveCfg = Release|Any CPU
		{5E831554-ADEF-4937-AA80-A20E95B3BD0F}.Release|Any CPU.Build.0 = Release|Any CPU
		{757B1EAC-EE60-404E-A063-E4DB2CD91FBF}.Debug|Any CPU.ActiveCfg = Debug|Any CPU
		{757B1EAC-EE60-404E-A063-E4DB2CD91FBF}.Debug|Any CPU.Build.0 = Debug|Any CPU
		{757B1EAC-EE60-404E-A063-E4DB2CD91FBF}.Release|Any CPU.ActiveCfg = Release|Any CPU
		{757B1EAC-EE60-404E-A063-E4DB2CD91FBF}.Release|Any CPU.Build.0 = Release|Any CPU
	EndGlobalSection
	GlobalSection(SolutionProperties) = preSolution
		HideSolutionNode = FALSE
	EndGlobalSection
	GlobalSection(ExtensibilityGlobals) = postSolution
		SolutionGuid = {023FEC3A-66D0-44CC-8520-CB29A1093A70}
	EndGlobalSection
EndGlobal
